
Microsoft Visual Studio Solution File, Format Version 12.00
# Visual Studio Version 16
VisualStudioVersion = 16.0.32228.343
MinimumVisualStudioVersion = 10.0.40219.1
Project("{FAE04EC0-301F-11D3-BF4B-00C04F79EFBC}") = "BizLandPro", "BizLandPro\BizLandPro.csproj", "{ED085396-B12E-49E4-AD67-DFF54CF8FE4B}"
EndProject
Global
	GlobalSection(SolutionConfigurationPlatforms) = preSolution
		Debug|Any CPU = Debug|Any CPU
		Release|Any CPU = Release|Any CPU
	EndGlobalSection
	GlobalSection(ProjectConfigurationPlatforms) = postSolution
		{ED085396-B12E-49E4-AD67-DFF54CF8FE4B}.Debug|Any CPU.ActiveCfg = Debug|Any CPU
		{ED085396-B12E-49E4-AD67-DFF54CF8FE4B}.Debug|Any CPU.Build.0 = Debug|Any CPU
		{ED085396-B12E-49E4-AD67-DFF54CF8FE4B}.Release|Any CPU.ActiveCfg = Release|Any CPU
		{ED085396-B12E-49E4-AD67-DFF54CF8FE4B}.Release|Any CPU.Build.0 = Release|Any CPU
	EndGlobalSection
	GlobalSection(SolutionProperties) = preSolution
		HideSolutionNode = FALSE
	EndGlobalSection
	GlobalSection(ExtensibilityGlobals) = postSolution
		SolutionGuid = {1F7D9827-E8BA-4707-9169-5F4285D0199E}
	EndGlobalSection
EndGlobal
